PODS:
  - Alamofire (4.3.0)
  - AlamofireObjectMapper (4.0.2):
    - Alamofire (~> 4.1)
    - ObjectMapper (~> 2.0)
  - Networking (0.0.1):
    - AlamofireObjectMapper (= 4.0.2)
  - Nimble (5.1.1)
  - ObjectMapper (2.2.3)
  - Quick (1.0.0)

DEPENDENCIES:
  - Networking (from `../`)
  - Nimble (~> 5.1.1)
  - Quick (~> 1.0.0)

EXTERNAL SOURCES:
  Networking:
    :path: ../

SPEC CHECKSUMS:
  Alamofire: 856a113053a7bc9cbe5d6367a555d773fc5cfef7
  AlamofireObjectMapper: 94923a4320bbe52c1d0d462093277a9d6a755a78
  Networking: f36342bb503679b741ea9508eaee7a5cfae6ec99
  Nimble: 415e3aa3267e7bc2c96b05fa814ddea7bb686a29
  ObjectMapper: d3b3de11267f5d971f390eb8d63dd509116a4329
  Quick: 8024e4a47e6cc03a9d5245ef0948264fc6d27cff

PODFILE CHECKSUM: 22881702b29cf9079b7678fcd4cebd5c1ff80174

COCOAPODS: 1.0.1
